Microsoft Visual Studio Solution File, Format Version 11.00
# Visual Studio 2010
Project("{8BC9CEB8-8B4A-11D0-8D11-00A0C91BC942}") = "zip32_dll", "zip32_dll\zip32_dll.vcxproj", "{236B9AA8-BD1C-4B33-972C-D0E5556590EF}"
	ProjectSection(ProjectDependencies) = postProject
		{1D277094-4B7A-464F-9DDE-848077D5C9E5} = {1D277094-4B7A-464F-9DDE-848077D5C9E5}
	EndProjectSection
EndProject
Project("{8BC9CEB8-8B4A-11D0-8D11-00A0C91BC942}") = "libbz2", "libbz2\libbz2.vcxproj", "{1D277094-4B7A-464F-9DDE-848077D5C9E5}"
EndProject
Project("{8BC9CEB8-8B4A-11D0-8D11-00A0C91BC942}") = "zip32_lib", "zip32_lib\zip32_lib.vcxproj", "{946491AC-5A25-44AB-ACAD-768450AB522B}"
EndProject
Global
	GlobalSection(SolutionConfigurationPlatforms) = preSolution
		Debug|Win32 = Debug|Win32
		Release|Win32 = Release|Win32
	EndGlobalSection
	GlobalSection(ProjectConfigurationPlatforms) = postSolution
		{236B9AA8-BD1C-4B33-972C-D0E5556590EF}.Debug|Win32.ActiveCfg = Debug|Win32
		{236B9AA8-BD1C-4B33-972C-D0E5556590EF}.Debug|Win32.Build.0 = Debug|Win32
		{236B9AA8-BD1C-4B33-972C-D0E5556590EF}.Release|Win32.ActiveCfg = Release|Win32
		{236B9AA8-BD1C-4B33-972C-D0E5556590EF}.Release|Win32.Build.0 = Release|Win32
		{1D277094-4B7A-464F-9DDE-848077D5C9E5}.Debug|Win32.ActiveCfg = Debug|Win32
		{1D277094-4B7A-464F-9DDE-848077D5C9E5}.Debug|Win32.Build.0 = Debug|Win32
		{1D277094-4B7A-464F-9DDE-848077D5C9E5}.Release|Win32.ActiveCfg = Release|Win32
		{1D277094-4B7A-464F-9DDE-848077D5C9E5}.Release|Win32.Build.0 = Release|Win32
		{946491AC-5A25-44AB-ACAD-768450AB522B}.Debug|Win32.ActiveCfg = Debug|Win32
		{946491AC-5A25-44AB-ACAD-768450AB522B}.Debug|Win32.Build.0 = Debug|Win32
		{946491AC-5A25-44AB-ACAD-768450AB522B}.Release|Win32.ActiveCfg = Release|Win32
		{946491AC-5A25-44AB-ACAD-768450AB522B}.Release|Win32.Build.0 = Release|Win32
	EndGlobalSection
	GlobalSection(SolutionProperties) = preSolution
		HideSolutionNode = FALSE
	EndGlobalSection
EndGlobal
