Microsoft Visual Studio Solution File, Format Version 11.00
# Visual C++ Express 2010
Project("{8BC9CEB8-8B4A-11D0-8D11-00A0C91BC942}") = "zip", "zip\zip.vcxproj", "{1824ADAF-1A25-4B68-A5E2-09AE538EF55E}"
	ProjectSection(ProjectDependencies) = postProject
		{54D0EBF1-A020-45D6-BDE0-08A197169C04} = {54D0EBF1-A020-45D6-BDE0-08A197169C04}
	EndProjectSection
EndProject
Project("{8BC9CEB8-8B4A-11D0-8D11-00A0C91BC942}") = "libbz2", "libbz2\libbz2.vcxproj", "{54D0EBF1-A020-45D6-BDE0-08A197169C04}"
EndProject
Project("{8BC9CEB8-8B4A-11D0-8D11-00A0C91BC942}") = "zipcloak", "zipcloak\zipcloak.vcxproj", "{4D0FD36D-1FE8-4C54-A63E-A094C9642C2B}"
EndProject
Project("{8BC9CEB8-8B4A-11D0-8D11-00A0C91BC942}") = "zipnote", "zipnote\zipnote.vcxproj", "{29A24273-E512-480B-A303-0C186054CA85}"
EndProject
Project("{8BC9CEB8-8B4A-11D0-8D11-00A0C91BC942}") = "zipsplit", "zipsplit\zipsplit.vcxproj", "{8229AA5B-C5E3-4D7F-B100-F5B7AC6A5568}"
EndProject
Global
	GlobalSection(SolutionConfigurationPlatforms) = preSolution
		Debug_ASM|Win32 = Debug_ASM|Win32
		Debug_ASM|x64 = Debug_ASM|x64
		Debug|Win32 = Debug|Win32
		Debug|x64 = Debug|x64
		Release_ASM|Win32 = Release_ASM|Win32
		Release_ASM|x64 = Release_ASM|x64
		Release|Win32 = Release|Win32
		Release|x64 = Release|x64
	EndGlobalSection
	GlobalSection(ProjectConfigurationPlatforms) = postSolution
		{1824ADAF-1A25-4B68-A5E2-09AE538EF55E}.Debug_ASM|Win32.ActiveCfg = Debug_ASM|Win32
		{1824ADAF-1A25-4B68-A5E2-09AE538EF55E}.Debug_ASM|Win32.Build.0 = Debug_ASM|Win32
		{1824ADAF-1A25-4B68-A5E2-09AE538EF55E}.Debug_ASM|x64.ActiveCfg = Debug_ASM|x64
		{1824ADAF-1A25-4B68-A5E2-09AE538EF55E}.Debug|Win32.ActiveCfg = Debug|Win32
		{1824ADAF-1A25-4B68-A5E2-09AE538EF55E}.Debug|Win32.Build.0 = Debug|Win32
		{1824ADAF-1A25-4B68-A5E2-09AE538EF55E}.Debug|x64.ActiveCfg = Debug|x64
		{1824ADAF-1A25-4B68-A5E2-09AE538EF55E}.Debug|x64.Build.0 = Debug|x64
		{1824ADAF-1A25-4B68-A5E2-09AE538EF55E}.Release_ASM|Win32.ActiveCfg = Release_ASM|Win32
		{1824ADAF-1A25-4B68-A5E2-09AE538EF55E}.Release_ASM|Win32.Build.0 = Release_ASM|Win32
		{1824ADAF-1A25-4B68-A5E2-09AE538EF55E}.Release_ASM|x64.ActiveCfg = Release_ASM|x64
		{1824ADAF-1A25-4B68-A5E2-09AE538EF55E}.Release|Win32.ActiveCfg = Release|Win32
		{1824ADAF-1A25-4B68-A5E2-09AE538EF55E}.Release|Win32.Build.0 = Release|Win32
		{1824ADAF-1A25-4B68-A5E2-09AE538EF55E}.Release|x64.ActiveCfg = Release|x64
		{1824ADAF-1A25-4B68-A5E2-09AE538EF55E}.Release|x64.Build.0 = Release|x64
		{54D0EBF1-A020-45D6-BDE0-08A197169C04}.Debug_ASM|Win32.ActiveCfg = Debug_ASM|Win32
		{54D0EBF1-A020-45D6-BDE0-08A197169C04}.Debug_ASM|Win32.Build.0 = Debug_ASM|Win32
		{54D0EBF1-A020-45D6-BDE0-08A197169C04}.Debug_ASM|x64.ActiveCfg = Debug_ASM|x64
		{54D0EBF1-A020-45D6-BDE0-08A197169C04}.Debug|Win32.ActiveCfg = Debug|Win32
		{54D0EBF1-A020-45D6-BDE0-08A197169C04}.Debug|Win32.Build.0 = Debug|Win32
		{54D0EBF1-A020-45D6-BDE0-08A197169C04}.Debug|x64.ActiveCfg = Debug|x64
		{54D0EBF1-A020-45D6-BDE0-08A197169C04}.Debug|x64.Build.0 = Debug|x64
		{54D0EBF1-A020-45D6-BDE0-08A197169C04}.Release_ASM|Win32.ActiveCfg = Release_ASM|Win32
		{54D0EBF1-A020-45D6-BDE0-08A197169C04}.Release_ASM|Win32.Build.0 = Release_ASM|Win32
		{54D0EBF1-A020-45D6-BDE0-08A197169C04}.Release_ASM|x64.ActiveCfg = Release_ASM|x64
		{54D0EBF1-A020-45D6-BDE0-08A197169C04}.Release|Win32.ActiveCfg = Release|Win32
		{54D0EBF1-A020-45D6-BDE0-08A197169C04}.Release|Win32.Build.0 = Release|Win32
		{54D0EBF1-A020-45D6-BDE0-08A197169C04}.Release|x64.ActiveCfg = Release|x64
		{54D0EBF1-A020-45D6-BDE0-08A197169C04}.Release|x64.Build.0 = Release|x64
		{4D0FD36D-1FE8-4C54-A63E-A094C9642C2B}.Debug_ASM|Win32.ActiveCfg = Debug_ASM|Win32
		{4D0FD36D-1FE8-4C54-A63E-A094C9642C2B}.Debug_ASM|Win32.Build.0 = Debug_ASM|Win32
		{4D0FD36D-1FE8-4C54-A63E-A094C9642C2B}.Debug_ASM|x64.ActiveCfg = Debug_ASM|x64
		{4D0FD36D-1FE8-4C54-A63E-A094C9642C2B}.Debug|Win32.ActiveCfg = Debug|Win32
		{4D0FD36D-1FE8-4C54-A63E-A094C9642C2B}.Debug|Win32.Build.0 = Debug|Win32
		{4D0FD36D-1FE8-4C54-A63E-A094C9642C2B}.Debug|x64.ActiveCfg = Debug|x64
		{4D0FD36D-1FE8-4C54-A63E-A094C9642C2B}.Debug|x64.Build.0 = Debug|x64
		{4D0FD36D-1FE8-4C54-A63E-A094C9642C2B}.Release_ASM|Win32.ActiveCfg = Release_ASM|Win32
		{4D0FD36D-1FE8-4C54-A63E-A094C9642C2B}.Release_ASM|Win32.Build.0 = Release_ASM|Win32
		{4D0FD36D-1FE8-4C54-A63E-A094C9642C2B}.Release_ASM|x64.ActiveCfg = Release_ASM|x64
		{4D0FD36D-1FE8-4C54-A63E-A094C9642C2B}.Release|Win32.ActiveCfg = Release|Win32
		{4D0FD36D-1FE8-4C54-A63E-A094C9642C2B}.Release|Win32.Build.0 = Release|Win32
		{4D0FD36D-1FE8-4C54-A63E-A094C9642C2B}.Release|x64.ActiveCfg = Release|x64
		{4D0FD36D-1FE8-4C54-A63E-A094C9642C2B}.Release|x64.Build.0 = Release|x64
		{29A24273-E512-480B-A303-0C186054CA85}.Debug_ASM|Win32.ActiveCfg = Debug_ASM|Win32
		{29A24273-E512-480B-A303-0C186054CA85}.Debug_ASM|Win32.Build.0 = Debug_ASM|Win32
		{29A24273-E512-480B-A303-0C186054CA85}.Debug_ASM|x64.ActiveCfg = Debug_ASM|x64
		{29A24273-E512-480B-A303-0C186054CA85}.Debug|Win32.ActiveCfg = Debug|Win32
		{29A24273-E512-480B-A303-0C186054CA85}.Debug|Win32.Build.0 = Debug|Win32
		{29A24273-E512-480B-A303-0C186054CA85}.Debug|x64.ActiveCfg = Debug|x64
		{29A24273-E512-480B-A303-0C186054CA85}.Debug|x64.Build.0 = Debug|x64
		{29A24273-E512-480B-A303-0C186054CA85}.Release_ASM|Win32.ActiveCfg = Release_ASM|Win32
		{29A24273-E512-480B-A303-0C186054CA85}.Release_ASM|Win32.Build.0 = Release_ASM|Win32
		{29A24273-E512-480B-A303-0C186054CA85}.Release_ASM|x64.ActiveCfg = Release_ASM|x64
		{29A24273-E512-480B-A303-0C186054CA85}.Release|Win32.ActiveCfg = Release|Win32
		{29A24273-E512-480B-A303-0C186054CA85}.Release|Win32.Build.0 = Release|Win32
		{29A24273-E512-480B-A303-0C186054CA85}.Release|x64.ActiveCfg = Release|x64
		{29A24273-E512-480B-A303-0C186054CA85}.Release|x64.Build.0 = Release|x64
		{8229AA5B-C5E3-4D7F-B100-F5B7AC6A5568}.Debug_ASM|Win32.ActiveCfg = Debug_ASM|Win32
		{8229AA5B-C5E3-4D7F-B100-F5B7AC6A5568}.Debug_ASM|Win32.Build.0 = Debug_ASM|Win32
		{8229AA5B-C5E3-4D7F-B100-F5B7AC6A5568}.Debug_ASM|x64.ActiveCfg = Debug_ASM|x64
		{8229AA5B-C5E3-4D7F-B100-F5B7AC6A5568}.Debug|Win32.ActiveCfg = Debug|Win32
		{8229AA5B-C5E3-4D7F-B100-F5B7AC6A5568}.Debug|Win32.Build.0 = Debug|Win32
		{8229AA5B-C5E3-4D7F-B100-F5B7AC6A5568}.Debug|x64.ActiveCfg = Debug|x64
		{8229AA5B-C5E3-4D7F-B100-F5B7AC6A5568}.Debug|x64.Build.0 = Debug|x64
		{8229AA5B-C5E3-4D7F-B100-F5B7AC6A5568}.Release_ASM|Win32.ActiveCfg = Release_ASM|Win32
		{8229AA5B-C5E3-4D7F-B100-F5B7AC6A5568}.Release_ASM|Win32.Build.0 = Release_ASM|Win32
		{8229AA5B-C5E3-4D7F-B100-F5B7AC6A5568}.Release_ASM|x64.ActiveCfg = Release_ASM|x64
		{8229AA5B-C5E3-4D7F-B100-F5B7AC6A5568}.Release|Win32.ActiveCfg = Release|Win32
		{8229AA5B-C5E3-4D7F-B100-F5B7AC6A5568}.Release|Win32.Build.0 = Release|Win32
		{8229AA5B-C5E3-4D7F-B100-F5B7AC6A5568}.Release|x64.ActiveCfg = Release|x64
		{8229AA5B-C5E3-4D7F-B100-F5B7AC6A5568}.Release|x64.Build.0 = Release|x64
	EndGlobalSection
	GlobalSection(SolutionProperties) = preSolution
		HideSolutionNode = FALSE
	EndGlobalSection
EndGlobal
